{
    "_meta": {
        "hash": {
            "sha256": "0e253d42f5dc280111b8ae71ac87e49ccf73690868ead0f8a19a971a47ed8190"
        },
        "pipfile-spec": 6,
        "requires": {},
        "sources": [
            {
                "name": "pypi",
                "url": "https://pypi.org/simple",
                "verify_ssl": true
            }
        ]
    },
    "default": {
        "lief": {
            "hashes": [
                "sha256:0628dea883631d33a84498e79c96e9cffff24ed898f9204d139ab1a51e079478",
                "sha256:0e4c0934c27bea29752bdac494c2611c676d27d54139c96098f57b22d065deeb",
                "sha256:18b05ce0244be151c58fedbd8b08687ed69713533cab9af23060a73f4441e847",
                "sha256:1a20cd029b539eb5888882b377617544da012e1bbb2ce575a524c87aaec1102b",
                "sha256:1d782903e43f71bf9ac7224463a30ef74e975914d463a462288437affe8ad3d2",
                "sha256:23253bbc154ff0dc5253a8929a2a407d11d459694c409d053b93308e623125ff",
                "sha256:23f42c7f4ae2df5492eb3a4ed449a2ae16bec107d9baf987bd618fde1ce53564",
                "sha256:25ea4a80545eb4d1ffe75f49fceca526ce85130bd263bcd81a0fa66178ab1e7f",
                "sha256:26777c1ec1ac55d3b981cad0fdb61d38de21da4b83810d637a5f4d0190470bf6",
                "sha256:26f2d29dadd36b850f38f58ecca97eebbd3bf201a1ec13355a31177b44f4cc50",
                "sha256:2edb6c75944a90e1f9b6fb0e086844b7d00311344149f4007dd4f029476f8fe2",
                "sha256:2ee72db426d304a37d7bcfe246de3ea1e524ff95104c39f132b88835e6408fa6",
                "sha256:30c48bb32afdcea98df04cd456e7199e84a629396faf475ca9c8880a4b4c1ce3",
                "sha256:34d12d846529e5d5157a7feaf54d1bd8b6c2905cb6c46cc1f7c94fa9e9bd1f6a",
                "sha256:37810cadad1fd796b6a681fe7eac084489103a7b2fed306776f9932b38c8d4ac",
                "sha256:3cf41cda0c748687e58295117004d44b499005e396a34f58ac8a514bfc899491",
                "sha256:3fd100c594bd5451d4c22b67e42d286860869ebb56d98f635c1daa56a11760e1",
                "sha256:41ff868f5328fc8e5237a9e1f4718590e0ee9180c1422b3e4948b7116ba4517c",
                "sha256:4680aeaa0eb9f21540f37ab5f97820fdf8f08b9c67c42b4435e232ca8cc22a27",
                "sha256:47c60ba68c3a1f53d872bb004a4e7d2a6f2572372d79a362fa3bd3369f5b8945",
                "sha256:48e360eea660d019312e377954f327e4fe0918781ee45e9056cd641f50bb6355",
                "sha256:4d2f1565110abc06070c0f6dcababab64606721fd1401477857558d9575ad663",
                "sha256:4d49b2fa555163692dbecba147a55847abf641fee3c6d72315db14d084b4a160",
                "sha256:4e3abaac54cb548b7e8d279f3008e990ee5184eea0fa85524056a9522e36ed54",
                "sha256:4e6ae6b3bfd4bc4b2f8a805d0dc74b00de9da173d9a4b2bd581d774bb2cdd19d",
                "sha256:514ba1c9c94f0cd09986bfb1db71fd678acd19f826058fe9cefbba0e7b9a5d86",
                "sha256:580e786d72fc34a0402b0af66ed755e668293946705b8193b766c501f00bc448",
                "sha256:5881e7698fb9b7ea6398dc86db78c6ae65331d7473c713d5a24318e264048334",
                "sha256:5aa92fa9501d60c0dbc8fe88d40fa9f19708fad958674eaea1b52cf4217e734d",
                "sha256:5ab0c89879066a36467fb8b85485710e40ea982c90f46de3486d6633b1d43e2f",
                "sha256:5b40bb3591c2db6aea6208b51ef7cb9a9e05c8be5c9437314857d1fda1e61f21",
                "sha256:5f7f187745c81a81231d9785bed73bae90f495531c5ea40449370e37441b45a2",
                "sha256:64b48a18be73768f6259e4c0fd0ac65202c2eae54a8629be026296027a42c539",
                "sha256:66d63183afe5dcf6721b28a59be758636d85751d2567ada602f6ce40b6d9c508",
                "sha256:6a02dcd93c9dba14d3f007bc3a2a84ebf2706b704a5ab32ea6bf71987d4a9f5b",
                "sha256:6b5d975f45e8830bc12da346d3dd317803d8852f1b61838e655741178e46d300",
                "sha256:6be55884009b1eea2314c6d918a945c8bc72584928957771956b600fdcecaa19",
                "sha256:714c96894048f15c8fcecbe6ef4a95416a0f256a20cc6130f8f2398ee717ca06",
                "sha256:7677a7b8fffd4de096d7ca1db64d1a6c3007e02650ed256fb93b2f3f9ea74097",
                "sha256:7a9c376fd607a9480777d0928ae37fd48547937b3a54bb5d130512061e5e953c",
                "sha256:7e8fde88db83014bce91269188393c41ec81ddd47f32726a1f8f93a5be6be42e",
                "sha256:7ed5d9511cd7313bb56c95c4f580e8e332615ae0bd45e05b43990f1b563ceef3",
                "sha256:811b2354f48fa08c49b106eafc9c1b26006371dc24d3d04bfdd9939863df6e6a",
                "sha256:92bf3b06c19a1ebd9e7978de47cc61040752ec452f7906bc3aac8d57abb23a8b",
                "sha256:956ee963e2a2ed318d08fd9fe4ff948906c483db1b88f7a62dac24db76ffa4b0",
                "sha256:95fb7dc84960068ab881bc681e646cab55f3d736c07bb07e91d5cbc8738885a7",
                "sha256:96277e45d58de45a33249079dac43e50db1c96da162fbe1ad02fbaa82e3bd06f",
                "sha256:980aeaff59734b48927b3f9a2915c7d834c16d75d9a36a581e4f0dbd082481a8",
                "sha256:9b5be5f2c08a9fbcf3f37f19aa297fb567ec36e939c24ecbe6d45c4a7b3a981b",
                "sha256:9ef6ed0bd319ace01168c4fe5fcf09dbf2245e339f249fad80a2bcebb0439d3d",
                "sha256:a4d1c2e764ab609fbc81d140b4949039dc728e83e060a68437b3eb0350121a29",
                "sha256:a9b7bae94a3a160af9b52f15265e55a59a1f3bb305ae9280cfe9ce84cf2c5d0e",
                "sha256:a9e4b9e165bde0163624e159c8c7a096e3d6f671371c70d008baac7ac1f04f0d",
                "sha256:ae13bc7797c779a0528c5c4339afca38669860d681f958cc04a9b2e979cdc783",
                "sha256:b0ba45425a9963eec324002169881f3bfe23b34aab20d90e2370f1550a80b78b",
                "sha256:b14131d013439d2562d0da09b3c316c7df9e3be25c4a4553a0b324be84785f74",
                "sha256:b2d9a1c08ce23112ee1141d9c3e799d03695923c9e383c90edd0b0856b36483d",
                "sha256:b3f173de0e49ad89fc4ea1e74508da3220814a44728060b494d85b8998726760",
                "sha256:b5f954b86f6c99437a461ed794bbc2d5e003e6a24e462b49f4978bce228b3801",
                "sha256:bac71c133a9412006a07010eefa6438032db8641aedcc8f6ace8fe845fb97067",
                "sha256:c68c3c19eb75acbca43970fd68a6ccd5fb8795582d31457dcfda744307b54c00",
                "sha256:ca7774b0d88f4528a1c153d7a9d2798800d6389847b966861fad9f2edb17a593",
                "sha256:ca999ccd12aba1c09d4d1337624c1fbc3a4084c1714f12a5be8bb9d1484f0d42",
                "sha256:caad33b4fe1eebf8d18acac3a8e2bbfc10f89706f7555e459e6d2588eb8f80fd",
                "sha256:cc8838a75f93ee9dbd784e6da7ee527d11d16a83de18f8c975344231429da8f8",
                "sha256:cd211a2f11afba7330bc7a51e494a658e8695711912ea00e54efad5cf1cf5afe",
                "sha256:cd7512a23b20c7c47a11bc27925e8c324c062a393e23716d7cee866c4d92db1f",
                "sha256:d552235f6c7b999b1837946b61cc64537501fac4fda1663c2cb76482b27b609f",
                "sha256:e317252e743d7f0020598b9120ecc81ba1c569c68d30d50d99dbd1992036d7a4",
                "sha256:e9037bda164285b2a59ee3910dfb70e775b2e3ba793edc565725e0bf926b09e9",
                "sha256:ea1220b0b68a9b2cd6d1b3f05276c877d136f5b39e3a01d3433df70a92803071",
                "sha256:ecd440475e677c6834af996d34a2babbad1af6a3addaaa3822fd021972c41311",
                "sha256:f12816bb3d4781fdc98db4df312a8da744c5a93f587fa4919124fcb9b277d510",
                "sha256:f58e26e2e4d110cd6a42d86ab497cd4bedc47d72690fae557023ac536d85edcc",
                "sha256:f6c2007bf96704cedc5cee8ae303ba7008840b9a2214ca9f4f43a6faa703834f",
                "sha256:fbaf64c338086da0a5d67b0e440b7010f2fd4b1d6edc68db303693759320ebfb",
                "sha256:fcaf9a28f004bc5f49637dd1a5cdfb8f937feb58febb5f70ebec29c0c1c3584c"
            ],
            "index": "pypi",
            "markers": "python_version >= '3.9'",
            "version": "==1.0.0"
        },
        "pyelftools": {
            "hashes": [
                "sha256:660d82dcbeb8e83d1702bd97f223f761625da06111c0cc988eac6b8ab0c1b61f",
                "sha256:f215ad5f47d3f1373a21496a6c9e0707c622840d0622f23ff7ce08678b020036"
            ],
            "index": "pypi",
            "markers": "python_version >= '3.10'",
            "version": "==0.33"
        },
        "pyxdelta": {
            "hashes": [
                "sha256:037353c434fb410f48d280b1ea7d38cb2fc36d6d94d84f11b7a3c151df681a46",
                "sha256:06d0645521b14d25d17e4990d84b03c78de6ec88ab61704a8fdf8678017be9a6",
                "sha256:0adf113e04dcba542953b8098d6cbee4eef1347cc9cc446c0428df076fa5ce30",
                "sha256:0b465ef8f86b51a7c1f100db575fd9832be14f934dd60a3b0daa6fa379526a65",
                "sha256:1297ed87c93edd44de7f2e0b28bb9e63936b5b788d7501f09f228aaca642f0dd",
                "sha256:1566d34ab6d634a2d96024fc8409afc85d7b4abb790fe12a8d67bb2baa8bdbfb",
                "sha256:19f1873775627c7ee0f1579003d8e17c10ba9d9d95970cc6350b4ea199ddd408",
                "sha256:1c946d4d34a2011bd8c406021647ce78048c7be4e7d3b343f96d3dd0e548e071",
                "sha256:216e6d225327b395914389bf33d435b807eba6b73ca286bc5181ba1c5d64f120",
                "sha256:25c23f90bc297ad57fd61b8a6288319259cc70d4cc7b77eb8e8e685ee19a92c1",
                "sha256:2915bd11368343de862c85efcfcd4cdb27a80ebc851538ca964bb80c4dc701ff",
                "sha256:3578f48c8300f4f498db7a5b5404749aeecbaa029979823a65315fb21d545c49",
                "sha256:3eacbcd8e68a91b325dfbe4deaf76604202c5b686cd318a575c3e61d10d15748",
                "sha256:4a4bd87289e50e736138bdf97a471a87e40317f3ffee5a27f36d8459304fa62c",
                "sha256:4e73211e74bedad59b801d5856d83d8f74ad2ff89a9e761621c11dc8f6d4ea0f",
                "sha256:4e9c3e5c447dfa97ce48e0b46487459c9345ebbe76bce61c3e2e9c3e34214028",
                "sha256:5af4fa998635221b9fbb44ae500f1e531da5ad79cbf5ba10f7eb62830593f157",
                "sha256:61ce3e0c5182c0491a2255f0929b006e2f4e2de23554e6def3025bc3d4888deb",
                "sha256:6b65f24a693cec260b3b106fb897e3e5bceb8a1b577bbf87ccb86bfa1c4c35d7",
                "sha256:787dcaa99af949229ecb4a4f8dc97de277c3727af9eb52914d904e5fe3fbd58b",
                "sha256:792603fa91450c539b656d87552411ecb64dbc5623d1e4026e7d21ec722136df",
                "sha256:8420171a1763e28a623e04895e2b9618bed2e99bb1b87c863b34c52eb85224ee",
                "sha256:849dbcc92ca1575de0eb022724a35c7310f5e8ea36c0552d6d8e1e758c3ab129",
                "sha256:8837a85d3bb981aaa323f13f656a834af025f17eb7d0c9ba339b89cbc4584e05",
                "sha256:8ace3ad9750d01b0256675c76319a6ebfd6d42063f11e824307a03f89e6a8aad",
                "sha256:8cd482ec511ed6821d91d1406d2c2eaab2f8c342b39725ed576cd21b2e479896",
                "sha256:95554a5129f9e16cd82bf13751a12a6d17ba60a1fa09ff273d540771e4da1bf1",
                "sha256:96baa78e5a929d95f2163ed451c566956021a571da1b246a792198ad18739066",
                "sha256:a0a6010821a8b2487570474ac27d6575925273cf3de3ee27f084ca7d1ddfc3d6",
                "sha256:a31b92428fa44888c91789729e3f09fcd744da1c67e2f267bf35840252c6b00e",
                "sha256:a4136bb75197d7606b8ac4bb10cd1c15631836f6660702ab56bfd5785645be61",
                "sha256:a9338f36f6ac32ed291391a4cf66cb3830e4fc0638cd42393597e56fd1f8d400",
                "sha256:ae124c54f52d7b0b3bff22eb298c3c89658639ff4e46c9c35b55444f1b3c33d1",
                "sha256:b319ffa671ed0c244b501979b5077a091054cfe3f79f6efb50a46cd8cc5853f7",
                "sha256:b5a030bfb79f5460f1108add52026dc0e52311f98bd93ef96ff255e181a1cab7",
                "sha256:c6790a4b08627c6a6a11fc673691a39fd117780507f933552b649491e2f3af82",
                "sha256:d3cdea0eaffcb8864f95fd60b6c121ce32f84915908c872e08d3e6e6a27e9067",
                "sha256:dacd07c473e7a836b501af60dfeaec2cd708a7fe51a57420593ff408c799125b",
                "sha256:dbeb7a4844e72808c3d73e9679be4fd258e96f37c70c02a462859c0f4b0813fa",
                "sha256:e24c5b38be0fc899bf06c418e62dca9fe19d9156ead0b79df90ec39039cfaae5",
                "sha256:e578db9b867eec76e6ec94e7e7da5e76a19ef03cf78c8ba16501f07f61200f43",
                "sha256:e5b561b5d8ecc8d8c44b9a779ac60347477fc764219a6ca1273de9ef805a5c78",
                "sha256:e5eded0169c5d19a62b7baae43e13ab5703a92ae6672ccf74b267399a15fd13f",
                "sha256:e67acedf0c330ad1e4177d33cc7cdfc1e8b78d9409e246602df66ab6d9c8264a",
                "sha256:e6d57695e5f2461621415c50eb53983fe47b2ec6cc605ec10edab342e729c462",
                "sha256:ebfd3722d00671394bfaa1d95dfab503f1a3dd656f1ceb371aea147fbd80563d",
                "sha256:f40f7710899e835db6ce8c5a59c4850de091feb5d771fea8f17d71a1215f6338",
                "sha256:f60e181cd0fc6b6fd97b040595935f2cfd968c51c0739285d5ae06ccd324b74b",
                "sha256:fef1ace69e9b93ef5f39f60f56ba0de1b276be8489be787c9989609219b329b6"
            ],
            "index": "pypi",
            "version": "==0.2.3"
        },
        "regex": {
            "hashes": [
                "sha256:030fa9e23624e39b3b94e46b90a5abd1a1678eb2f58fcdd3fd6c27526bf91c7e",
                "sha256:032da15431c890d376f53547f0a6219f4f4cd19f3e4f11bdc321453b5bd207e4",
                "sha256:044bd4639b6bb409ec9e5d8b7accd57e02b4c4a4e2eafde916f8ae8006b3e40b",
                "sha256:048a89ee797db10160bd2bd519286577a6b43a100279bd4b7d8456a3d69c80a0",
                "sha256:05fb018cfe7144585fc83882405906ff84994a2d154afc2509ecc7752c51f864",
                "sha256:07b45ba5c94b8fcb30cb6c56a11f715c57533a3017964504322ea52690a27b72",
                "sha256:0aa7589394230e0f0a422ab6b90841ff12c87e855e7aaf75d192a54a5f124548",
                "sha256:0acee94b480dd853e39434aa9a575f95385b1b4b8fa3feae56db363ca5cad782",
                "sha256:0b9ba3b2765cdfe18f0f561a69f78a69701f2896654a81c711108d35d14e5099",
                "sha256:0c32480f3371b75068decaf9e5da72c224e953830dd71e36e06cf80e30ea39d8",
                "sha256:1270cdec69248592bbe38a0b263ed58d907b891bd2b93703e225c317e421bda1",
                "sha256:13c52fc377792675f604a207a2ae5958c080f6854f7698d40d9ff034d95b1e76",
                "sha256:14caa05ce39ec70437af5aac8814c50ee6628f4a90353871c059692f448a164f",
                "sha256:1562aabd9d4eb09bd88a62ad97ed06800094b529ac43419e43020b9cefec79b0",
                "sha256:175cf49ce7a994c88b8f15e3cb17cdb66a48ebb2d36de736b8205033db950f89",
                "sha256:1aa309ab7ba89a62d6cf70dbd38d4176440bce3c7001ab86256704cf4c18c6eb",
                "sha256:1ad10a135fa0b4e4a462a61d07c6654d7518cfdb5cb8da08f9ff7d61384af1fe",
                "sha256:1b891f77554bff991804cee24b78b40789f7d5993a24c7907bc7025fd2a70c8d",
                "sha256:1e321e2c84f0e52c457f5ea5944f796d6e8e09cb99738ea98dcc1bfe402a128d",
                "sha256:1e954e246466d5a1a78f563ce8364b5d7cb19e7adb0ccdec8f9c9610083187bc",
                "sha256:1f0a8b4928823bc8b217a1ab7bf3d90598909dec9a70fbbfe9a52cc4eca55990",
                "sha256:1fbc8314436353e097c050e11b01a6c11433579437ed0579730157676ef59e2f",
                "sha256:20e8bfb07ad79a282f8b95b56fe67f9750b1b7f775724e4ba1f23cb296115ce4",
                "sha256:217e98ba5fc8908ed8ffd4ebac04753a0c831067cbfb495b9821b94cc61eaa76",
                "sha256:239620b0e0681669367c0e218c8eb2551d9f8fe3b9fccfc8d0003377804e8348",
                "sha256:23ac9a28180f274d7dd7651fa131ad5b02d343b75df4b040737f0356223895dd",
                "sha256:2479171edccced52ef02b899558f88ab2c235fe05b93180fdcae1670aacd89e1",
                "sha256:24d12a625a37c89c2b09303402a06942f55f071b95a7916a49c17034c3d47cd5",
                "sha256:2dd9286093c71afc8f55ef035c5b9d2776641fd72c6535f1febc92d0b0be9666",
                "sha256:2e67f8843f0e4b931f1fa860bf3bbe4134b714c0155cc5c7c0d7ea450230aae0",
                "sha256:31e4df2b11d48f61d511019bc1ee9b477055f17c352b68fe72db7a98b14d603c",
                "sha256:3264132d576847ab5f88bb83e7debe67854bf165b3ea613bd467312b6099536a",
                "sha256:3540734dbe241ebb3b87d5713781f6749a3e4d45480f506aa5fb5cbb0c37d249",
                "sha256:35ba3bab0c45079735f55ac61526774de1d84bc4a0333cc554e1a4ab74913924",
                "sha256:3a66e40a1a20de96a2fee00ed67e11012b62d85b277688258677fd19997addb7",
                "sha256:3bdeed3318a8eb2bbadc9c56347e0ff651639e934a47e168d05a3b12929fd0e7",
                "sha256:3fb4ae8cf83ef4e9addd43b2da31a9f45be816a8036fae8af59c8998b72718e2",
                "sha256:4971776b4f2bd7fd9a83eceb2cb2592cbe2924f639fe8045e6a9de5ba4bfcf25",
                "sha256:4a761ea45f2ad74c575ef5850ea514cef97302a552d3c7c9d1a1a870d4661d6c",
                "sha256:4c66d54042a14a503907d81861b8a5235e6d1f03d4fbc1d8767f652eaf957ac1",
                "sha256:4db7d00c4afbfbb55b8e17b1e371da11418ea9389b030acec63c1fa4c7ad4b86",
                "sha256:4f0407474ffac8e5e89d93ca41d60891e29f0ab8423eb66ff292d850a86a0843",
                "sha256:53e182b6b04d0011909b47d51a2d72d908de07c7b1c7f16b3adda2204d723bc1",
                "sha256:5847e22bbf959764d776937d791d034cc2d19b787e361c88d97e859e8dc68502",
                "sha256:58c01f7b81079cf0817ba831ff4d9eff5d28be4a3ac76c353e6f09bd63f4c386",
                "sha256:58da726d3e766c0b3f5a3997dfaf0275898a1107b8191cdd6b0437fe45fd817d",
                "sha256:5bef622850cf760154719d4e0d74b0a855962432995168e250069899ae12fe8f",
                "sha256:5ccd139b2061132e7b265cfb4b4721baeb9f8928b81415304abf1ec7e3181c26",
                "sha256:5cef9f3d14796500ea834c41dbe688f1f6b23c7024dc23e8a794d7ebaf5d71d0",
                "sha256:63bb62cf62217dc38c8a6b2b61b165b0e4eb8fa93b0aba12139251c0986a8fa3",
                "sha256:681ed38664b64c6617d3c3c332018d1948c77e139c5ea667c1886efa671e426f",
                "sha256:6888065672b341e5246f391ec16dc258a29218ac784172fd67c30d941544755b",
                "sha256:6aebdd9a946de328b3f6f61dbf48dd064a36eb6dddf96e34ae6651d37f6e9383",
                "sha256:6afcad14310f1311d077553ed374b42a5e538f85a8c884b4e38e52de091c8077",
                "sha256:6b34a778c695d24e77c140e3b4c95da69282e34f2f6b02b55656aa4a0379f643",
                "sha256:6fd555fc9abef50c530869690b2daca054c8811a7aff632d11f9a7b2590b2742",
                "sha256:71879292c9c7ac67b1680345b16daba1be937cb027362cfa04e68f65db2dcfdd",
                "sha256:75242f44a3e283106077be4ab717bc535e4701c9d54ad69e195945c22f137a1d",
                "sha256:75aa39d3f4f1650eea84e46b0d8cefe77dd5478c10e3d0aaf0b0f00493475a7a",
                "sha256:75f9297b16fcb588a1f8d8a55dabef3c0c20b0c7bac43c87ceaaaf1a825c12f4",
                "sha256:79e9432995e14c749d34209413de5e621ec8e67789bf4f46dbfabea9d06a2406",
                "sha256:7abb38b8c40f3a235235a44da452c64b7b5c1d650ec6351027db0e090804f2e5",
                "sha256:7dcad477c49c4c626a6c4fcd71b39a971aa217060cc40a6569fd24edcc0fa509",
                "sha256:7e6c0b5ec6ddee4032247585dc491b0fa58627745b66a705728703a3f0331231",
                "sha256:7f8f10015866608fe4c043cec2e4fe4c39a94bb50e45091de4cdf4004b9ae4b0",
                "sha256:866de9f98df0611d7b62b3a8729d3284a64c0cc6edd90bb95a533e443a4939cb",
                "sha256:87f5f75c109f08f5c602d68e1af54cead8165189c727b6ac946b30b9833a3ba4",
                "sha256:880ac684c27176464c00c3fdc456116364f5ebc70da07aad0c2d4a7ba45e98db",
                "sha256:88b02aa8d0ec9b6189fe933d425775882271c23700ac11fd26d1779b0f56fde3",
                "sha256:8ba1f78bd4fef2d8f84b894ec28ac3481afe6cc07aaa253ad4717ef7b3fe6bcb",
                "sha256:8c07021a4faa3f092869adbd1f35cdc7a592276c807aeebc3ceb8ff1a638f0b4",
                "sha256:8d5c4518235a2ec1611e57af85fa488d529c1106aacff12adadcedf8687012cd",
                "sha256:8e127d9a80cbf1c3276bb465c6d047e8705e97b58c2b8f2f0c0a69c336b44b37",
                "sha256:94c5ce3bc41d226b4eb89ca3f842b2e28c031487fb1f34eb2153d98235831325",
                "sha256:94d096369b7cd96d15343fef5257fe39eff9d0e8758b92a0e15e358b92cdb2fc",
                "sha256:968c1e33edd9a104d1bf24c8d476c72de7e3839ae7f894b37e9e4f4739fdeeca",
                "sha256:990797e765d89a423880052c68b61c31afe701de94a8c060f61c40605ca6c727",
                "sha256:9ce239acb15843ab03976626af810a4424b0409689ec2bbc52088ab5479ab487",
                "sha256:9d772586951d7d6a5d162d48f414065e483b1c81ab38fd8ed97c78b05883421a",
                "sha256:9fbd2e5d8002dc49a6129fb321ec51c57a025e752ed525ddce0ba9223c4350a7",
                "sha256:a41693eb3fc4b92e6127d113813c6c395237f7edd3224abf67609af48c690d11",
                "sha256:abbfc1c33bf8efddcc43844aba61e036d74a918680dc3ce8ce2538b004eda0f9",
                "sha256:b298cdc33c5cc6969ff07f0fba19cc73e0fd8576373c50935feadaca2f6b4405",
                "sha256:b43456de605c8ee77eb75f07bc1ee44ba27f9cee22207deb77d495e954b7d953",
                "sha256:b71649169a9fcf30b395ee01047fa7ad6654a4c900ca75b23c04dedcce6a1f8c",
                "sha256:b91c37551bf39d75116c02b146956f65b9aa0337a4a652f4ae186983789d4001",
                "sha256:b9d36b03dc362aa40ffaaec9d9bd75e87763529563ec008c43b0e07782f5be7a",
                "sha256:bafa41b0dd63669e5c0f8adf3d24819efeb73c847f492eb011212eb352e69041",
                "sha256:bb7774924f8cd69f49cba0b3c2d679a6326f777e0e67d130ad5203e4df53f0d3",
                "sha256:bf29611e5376fec8f795879bb5c6153a76c3a292573d173c26784042b01eb840",
                "sha256:c014641157e9049b0603b8daa5343bd408d9b757b709aaa0f373cd3fab2d7944",
                "sha256:c103b3b14e011774af4fb7e4617ad4d72b9171905cd3b231a70a4efd76e477d7",
                "sha256:c22df8dd6373bbe3898e77429ffc85594300e39d752fd0e68a31e59d37899376",
                "sha256:c25a754bb81a2edcfc3b65eda50f017d736f818112ed43e8aafd595cb00678ae",
                "sha256:c32818b28bcd153b25b63038348a9fe9b9fbcddb60df43f204c3ab55eeb57f77",
                "sha256:c37fa93bf18bf4f90b01c0fa9f11ea567ee4b7dd8bf96e63663e5edc37aa38cf",
                "sha256:c3d95d7d9538b5b726dd6fcd7b6117a71e6565202f6d64f5845fb4d8f203f533",
                "sha256:c8fbd9cb30c68c1686b94029b9ef845d5870d3d65baf66cb126b676849b9d72b",
                "sha256:cb76a9c4e07a6a47849726af0ed14c41741a182f097f134a8cf29c1bc0f4dde8",
                "sha256:ce7c118cb102975f974585688357a717ffbf9dddd64ab0bb1bc93eb5b367cf95",
                "sha256:cf377960d2ac37d987394a9dbaa75e91338c41a46d41e1d25e90125e7b3ee2dc",
                "sha256:d278ad30ec83b6b9202685b0f80b741a51ea3ca7f0595ebda96e7628b6398876",
                "sha256:d2d377fd1cad611b806cdd732d86b65f536c768209890cb442556548daa65a23",
                "sha256:d414c411c06fe0009eac33488fb1591c66b5c2673e342e452e7bb2fe63da8194",
                "sha256:d8c668af8f7bdb1d18739c27d30cd9f4b371495a883f75a002fb7a39d740fecd",
                "sha256:dce932f8e3ba936475ea3d0d8b59f7b050a9e206e994f53f8fd80299871e87da",
                "sha256:debc629e98b95abaea1cf3057ca296151f348c697c9b8a59d18013adb302c0dd",
                "sha256:e0dc78251154b66dc60211563fc115345da332eaa881e4e2523fb1edae3772f4",
                "sha256:e5e4a6e0734a685d13b9685622bb503bdbb2927f8b0df025a5085f0ea067475b",
                "sha256:e6b99181d184d0f5c7b36b8d12b94d1e9499cce6246594331f9edc5d2ea9fceb",
                "sha256:e7327795089ddb44912dce1434e1d7244be2e9fb48fcc2d6782936af7a3062db",
                "sha256:ebb2ba68e4641a994061f70bf44ed448fba0b9b1d18c94ffb9efc1cca805b39b",
                "sha256:ec8855f08c17895a26fbf5f19ed829722e19b34a96629e49a43c92974924026b",
                "sha256:ecb2e7acb18f8cc4a67f0ad986c0af291ea4dd385d0614ba9bc09d7f8bbb478c",
                "sha256:ef4c0a9dfdc90581b90b1b95a8c3d1557f8ff8f5a2a53536d26314de699d1468",
                "sha256:ef4ce69ff97fbb44b46751cfea5e859ad0b66d1a50abf34954f0645f51e81671",
                "sha256:ef5a059ea1c6ee5d1c7e99a2484e628608d010921efe876c6f0e2029d2f35eca",
                "sha256:f0e2e5d23448b660d60a6ed85c46cc03b4b48bd276b8f4041d4a5fe2a4a0626b",
                "sha256:f2374c27deb189b282ec7e16106752c22ad39b056bbd8018960b1e4cc95d67a1",
                "sha256:f2f43bf4e47ff7ce9e585558706d698c6204d0f80bf2207766382ed817c8e9f4",
                "sha256:f5c629df03adec31ee505dda3c8988f106c9390e4cbd343600036eb8b3d6724f",
                "sha256:f70b9f0e39c2dba1d9da6bf7ef7c377cad7277f8440e9a69be05ede529ff024c",
                "sha256:f7d4656e17ab736e9415a6442a345bfc97bb8b7dcce47884bb74a37f70f08d0c",
                "sha256:f8bdec659a8fa7af51a32b224b3b7c02bc415d54ffd35187b1d224176b17d607",
                "sha256:faa911fbbcf8ac90bda0e0657d60768e3390954ef0588211d63a22add1cb1cd1",
                "sha256:fbc4e2f3cb7ce8436154e6483079e7d35eeb321a952fa936e180300630d8b873",
                "sha256:fd6bd89b9fc06018d35851cab0240adb7dd84d51941b19f6574ac90cd54e3ae5",
                "sha256:ff4d7b14ea19e50c8d9d6d83f45bd9b45cbb624c07ac1fa54db0a019049abed7",
                "sha256:ff6b3267318661dfddf6b3628663e00e5946bd0a5c8fa678537a1401f0388f91",
                "sha256:ffc2da104e43db716ce30cef9f28049a1faa6aca385dd8771b033268d0730b07"
            ],
            "index": "pypi",
            "markers": "python_version >= '3.10'",
            "version": "==2026.9.10"
        }
    },
    "develop": {}
}
